{
    "name": "node-red",
    "version": "1.1.0-beta.1",
    "lockfileVersion": 1,
    "requires": true,
    "dependencies": {
        "node-red-contrib-powerbi": {
            "version": "1.0.4",
            "resolved": "https://registry.npmjs.org/node-red-contrib-powerbi/-/node-red-contrib-powerbi-1.0.4.tgz",
            "integrity": "sha512-sIfzYiRXXzaeXj3kLnExlX64fMIv+v/7dZY22MepPa6W9alunuuZrn+af/E9560vqEAyXmJt2KWa+DO8SeXs2Q=="
        }
    }
}
